
Microsoft Visual Studio Solution File, Format Version 12.00
# Visual Studio Version 17
VisualStudioVersion = 17.3.32929.385
MinimumVisualStudioVersion = 10.0.40219.1
Project("{FAE04EC0-301F-11D3-BF4B-00C04F79EFBC}") = "PruebadeGit", "PruebadeGit\PruebadeGit.csproj", "{A394E397-4F05-4EC6-9AB9-92BC6878F1FC}"
EndProject
Global
	GlobalSection(SolutionConfigurationPlatforms) = preSolution
		Debug|Any CPU = Debug|Any CPU
		Release|Any CPU = Release|Any CPU
	EndGlobalSection
	GlobalSection(ProjectConfigurationPlatforms) = postSolution
		{A394E397-4F05-4EC6-9AB9-92BC6878F1FC}.Debug|Any CPU.ActiveCfg = Debug|Any CPU
		{A394E397-4F05-4EC6-9AB9-92BC6878F1FC}.Debug|Any CPU.Build.0 = Debug|Any CPU
		{A394E397-4F05-4EC6-9AB9-92BC6878F1FC}.Release|Any CPU.ActiveCfg = Release|Any CPU
		{A394E397-4F05-4EC6-9AB9-92BC6878F1FC}.Release|Any CPU.Build.0 = Release|Any CPU
	EndGlobalSection
	GlobalSection(SolutionProperties) = preSolution
		HideSolutionNode = FALSE
	EndGlobalSection
	GlobalSection(ExtensibilityGlobals) = postSolution
		SolutionGuid = {444D8773-0A51-4B04-BF2F-D43FC2E6734F}
	EndGlobalSection
EndGlobal
